
Microsoft Visual Studio Solution File, Format Version 12.00
# Visual Studio Version 16
VisualStudioVersion = 16.0.30611.23
MinimumVisualStudioVersion = 10.0.40219.1
Project("{FAE04EC0-301F-11D3-BF4B-00C04F79EFBC}") = "Mordern Signup UI", "Mordern Signup UI\Mordern Signup UI.csproj", "{24D8D732-C504-4637-901A-AEE84A271D27}"
EndProject
Global
	GlobalSection(SolutionConfigurationPlatforms) = preSolution
		Debug|Any CPU = Debug|Any CPU
		Release|Any CPU = Release|Any CPU
	EndGlobalSection
	GlobalSection(ProjectConfigurationPlatforms) = postSolution
		{24D8D732-C504-4637-901A-AEE84A271D27}.Debug|Any CPU.ActiveCfg = Debug|Any CPU
		{24D8D732-C504-4637-901A-AEE84A271D27}.Debug|Any CPU.Build.0 = Debug|Any CPU
		{24D8D732-C504-4637-901A-AEE84A271D27}.Release|Any CPU.ActiveCfg = Release|Any CPU
		{24D8D732-C504-4637-901A-AEE84A271D27}.Release|Any CPU.Build.0 = Release|Any CPU
	EndGlobalSection
	GlobalSection(SolutionProperties) = preSolution
		HideSolutionNode = FALSE
	EndGlobalSection
	GlobalSection(ExtensibilityGlobals) = postSolution
		SolutionGuid = {2CF3FD55-B613-431A-B7A6-BE13287927BC}
	EndGlobalSection
EndGlobal
